
Microsoft Visual Studio Solution File, Format Version 12.00
# Visual Studio 15
VisualStudioVersion = 15.0.28307.1705
MinimumVisualStudioVersion = 10.0.40219.1
Project("{FAE04EC0-301F-11D3-BF4B-00C04F79EFBC}") = "ads_lab3_shell", "ads_lab3_shell\ads_lab3_shell.csproj", "{F1498165-5C24-4903-BF3F-465BA96029CE}"
EndProject
Global
	GlobalSection(SolutionConfigurationPlatforms) = preSolution
		Debug|Any CPU = Debug|Any CPU
		Release|Any CPU = Release|Any CPU
	EndGlobalSection
	GlobalSection(ProjectConfigurationPlatforms) = postSolution
		{F1498165-5C24-4903-BF3F-465BA96029CE}.Debug|Any CPU.ActiveCfg = Debug|Any CPU
		{F1498165-5C24-4903-BF3F-465BA96029CE}.Debug|Any CPU.Build.0 = Debug|Any CPU
		{F1498165-5C24-4903-BF3F-465BA96029CE}.Release|Any CPU.ActiveCfg = Release|Any CPU
		{F1498165-5C24-4903-BF3F-465BA96029CE}.Release|Any CPU.Build.0 = Release|Any CPU
	EndGlobalSection
	GlobalSection(SolutionProperties) = preSolution
		HideSolutionNode = FALSE
	EndGlobalSection
	GlobalSection(ExtensibilityGlobals) = postSolution
		SolutionGuid = {A281927B-7652-4C2F-AA84-92CC34CDB5F6}
	EndGlobalSection
EndGlobal
