
Microsoft Visual Studio Solution File, Format Version 12.00
# Visual Studio 15
VisualStudioVersion = 15.0.28307.1705
MinimumVisualStudioVersion = 10.0.40219.1
Project("{FAE04EC0-301F-11D3-BF4B-00C04F79EFBC}") = "ads_lab6", "ads_lab6\ads_lab6.csproj", "{9888D0B0-7F83-43ED-98E4-21746B26589B}"
EndProject
Global
	GlobalSection(SolutionConfigurationPlatforms) = preSolution
		Debug|Any CPU = Debug|Any CPU
		Release|Any CPU = Release|Any CPU
	EndGlobalSection
	GlobalSection(ProjectConfigurationPlatforms) = postSolution
		{9888D0B0-7F83-43ED-98E4-21746B26589B}.Debug|Any CPU.ActiveCfg = Debug|Any CPU
		{9888D0B0-7F83-43ED-98E4-21746B26589B}.Debug|Any CPU.Build.0 = Debug|Any CPU
		{9888D0B0-7F83-43ED-98E4-21746B26589B}.Release|Any CPU.ActiveCfg = Release|Any CPU
		{9888D0B0-7F83-43ED-98E4-21746B26589B}.Release|Any CPU.Build.0 = Release|Any CPU
	EndGlobalSection
	GlobalSection(SolutionProperties) = preSolution
		HideSolutionNode = FALSE
	EndGlobalSection
	GlobalSection(ExtensibilityGlobals) = postSolution
		SolutionGuid = {1D58CBB1-F82E-4D5D-922D-3885EE9CDF22}
	EndGlobalSection
EndGlobal
